
Microsoft Visual Studio Solution File, Format Version 12.00
# Visual Studio Version 16
VisualStudioVersion = 16.0.810.9
MinimumVisualStudioVersion = 10.0.40219.1
Project("{FAE04EC0-301F-11D3-BF4B-00C04F79EFBC}") = "Api.Application", "Api.Application.csproj", "{912500F7-85A1-4932-B730-A6DEF5548D41}"
EndProject
Global
	GlobalSection(SolutionConfigurationPlatforms) = preSolution
		Debug|Any CPU = Debug|Any CPU
		Release|Any CPU = Release|Any CPU
	EndGlobalSection
	GlobalSection(ProjectConfigurationPlatforms) = postSolution
		{912500F7-85A1-4932-B730-A6DEF5548D41}.Debug|Any CPU.ActiveCfg = Debug|Any CPU
		{912500F7-85A1-4932-B730-A6DEF5548D41}.Debug|Any CPU.Build.0 = Debug|Any CPU
		{912500F7-85A1-4932-B730-A6DEF5548D41}.Release|Any CPU.ActiveCfg = Release|Any CPU
		{912500F7-85A1-4932-B730-A6DEF5548D41}.Release|Any CPU.Build.0 = Release|Any CPU
	EndGlobalSection
	GlobalSection(SolutionProperties) = preSolution
		HideSolutionNode = FALSE
	EndGlobalSection
	GlobalSection(ExtensibilityGlobals) = postSolution
		SolutionGuid = {5E083562-3EC1-4E14-AE29-1E9EC2F410BB}
	EndGlobalSection
EndGlobal
